
Microsoft Visual Studio Solution File, Format Version 12.00
# Visual Studio Version 17
VisualStudioVersion = 17.6.33723.286
MinimumVisualStudioVersion = 10.0.40219.1
Project("{FAE04EC0-301F-11D3-BF4B-00C04F79EFBC}") = "Task22", "Task22\Task22.csproj", "{AFDF92E2-66DC-43CE-8A69-566F3F8269B2}"
EndProject
Global
	GlobalSection(SolutionConfigurationPlatforms) = preSolution
		Debug|Any CPU = Debug|Any CPU
		Release|Any CPU = Release|Any CPU
	EndGlobalSection
	GlobalSection(ProjectConfigurationPlatforms) = postSolution
		{AFDF92E2-66DC-43CE-8A69-566F3F8269B2}.Debug|Any CPU.ActiveCfg = Debug|Any CPU
		{AFDF92E2-66DC-43CE-8A69-566F3F8269B2}.Debug|Any CPU.Build.0 = Debug|Any CPU
		{AFDF92E2-66DC-43CE-8A69-566F3F8269B2}.Release|Any CPU.ActiveCfg = Release|Any CPU
		{AFDF92E2-66DC-43CE-8A69-566F3F8269B2}.Release|Any CPU.Build.0 = Release|Any CPU
	EndGlobalSection
	GlobalSection(SolutionProperties) = preSolution
		HideSolutionNode = FALSE
	EndGlobalSection
	GlobalSection(ExtensibilityGlobals) = postSolution
		SolutionGuid = {267D2B4A-AC2F-4447-89F8-F6DE64EEB8D7}
	EndGlobalSection
EndGlobal
